
Microsoft Visual Studio Solution File, Format Version 12.00
# Visual Studio 2012
Project("{8BC9CEB8-8B4A-11D0-8D11-00A0C91BC942}") = "Win32Project1", "Win32Project1\Win32Project1.vcxproj", "{A142527B-3744-452C-BCFF-CCE0D07B8CB1}"
EndProject
Global
	GlobalSection(SolutionConfigurationPlatforms) = preSolution
		Debug|Win32 = Debug|Win32
		Release|Win32 = Release|Win32
	EndGlobalSection
	GlobalSection(ProjectConfigurationPlatforms) = postSolution
		{A142527B-3744-452C-BCFF-CCE0D07B8CB1}.Debug|Win32.ActiveCfg = Debug|Win32
		{A142527B-3744-452C-BCFF-CCE0D07B8CB1}.Debug|Win32.Build.0 = Debug|Win32
		{A142527B-3744-452C-BCFF-CCE0D07B8CB1}.Release|Win32.ActiveCfg = Release|Win32
		{A142527B-3744-452C-BCFF-CCE0D07B8CB1}.Release|Win32.Build.0 = Release|Win32
	EndGlobalSection
	GlobalSection(SolutionProperties) = preSolution
		HideSolutionNode = FALSE
	EndGlobalSection
EndGlobal
