
Microsoft Visual Studio Solution File, Format Version 12.00
# Visual Studio 15
VisualStudioVersion = 15.0.27130.2027
MinimumVisualStudioVersion = 10.0.40219.1
Project("{8BC9CEB8-8B4A-11D0-8D11-00A0C91BC942}") = "brightness-tool", "brightness-tool\brightness-tool.vcxproj", "{5EEA85BC-5B0C-427C-B1F2-EDB2F4E08157}"
EndProject
Global
	GlobalSection(SolutionConfigurationPlatforms) = preSolution
		Debug|x64 = Debug|x64
		Debug|x86 = Debug|x86
		Release|x64 = Release|x64
		Release|x86 = Release|x86
	EndGlobalSection
	GlobalSection(ProjectConfigurationPlatforms) = postSolution
		{5EEA85BC-5B0C-427C-B1F2-EDB2F4E08157}.Debug|x64.ActiveCfg = Debug|x64
		{5EEA85BC-5B0C-427C-B1F2-EDB2F4E08157}.Debug|x64.Build.0 = Debug|x64
		{5EEA85BC-5B0C-427C-B1F2-EDB2F4E08157}.Debug|x86.ActiveCfg = Debug|Win32
		{5EEA85BC-5B0C-427C-B1F2-EDB2F4E08157}.Debug|x86.Build.0 = Debug|Win32
		{5EEA85BC-5B0C-427C-B1F2-EDB2F4E08157}.Release|x64.ActiveCfg = Release|x64
		{5EEA85BC-5B0C-427C-B1F2-EDB2F4E08157}.Release|x64.Build.0 = Release|x64
		{5EEA85BC-5B0C-427C-B1F2-EDB2F4E08157}.Release|x86.ActiveCfg = Release|Win32
		{5EEA85BC-5B0C-427C-B1F2-EDB2F4E08157}.Release|x86.Build.0 = Release|Win32
	EndGlobalSection
	GlobalSection(SolutionProperties) = preSolution
		HideSolutionNode = FALSE
	EndGlobalSection
	GlobalSection(ExtensibilityGlobals) = postSolution
		SolutionGuid = {1B305FE9-DD41-4789-BE09-471828A2513B}
	EndGlobalSection
EndGlobal
